
Microsoft Visual Studio Solution File, Format Version 10.00
# Visual Studio 2008
Project("{FAE04EC0-301F-11D3-BF4B-00C04F79EFBC}") = "agthex", "agthex\agthex.csproj", "{A818AA56-A12A-4AFF-90B9-ED102A5C2446}"
EndProject
Global
	GlobalSection(SolutionConfigurationPlatforms) = preSolution
		Debug|Any CPU = Debug|Any CPU
		Release|Any CPU = Release|Any CPU
	EndGlobalSection
	GlobalSection(ProjectConfigurationPlatforms) = postSolution
		{A818AA56-A12A-4AFF-90B9-ED102A5C2446}.Debug|Any CPU.ActiveCfg = Debug|Any CPU
		{A818AA56-A12A-4AFF-90B9-ED102A5C2446}.Debug|Any CPU.Build.0 = Debug|Any CPU
		{A818AA56-A12A-4AFF-90B9-ED102A5C2446}.Release|Any CPU.ActiveCfg = Release|Any CPU
		{A818AA56-A12A-4AFF-90B9-ED102A5C2446}.Release|Any CPU.Build.0 = Release|Any CPU
	EndGlobalSection
	GlobalSection(SolutionProperties) = preSolution
		HideSolutionNode = FALSE
	EndGlobalSection
	GlobalSection(ExtensibilityGlobals) = postSolution
		VisualSVNWorkingCopyRoot = .
	EndGlobalSection
EndGlobal
